// !$*UTF8*$!
{
	archiveVersion = 1;
	classes = {
	};
	objectVersion = 77;
	objects = {

/* Begin PBXContainerItemProxy section */
		E104C9F22D33F28E0022C55A /* PBXContainerItemProxy */ = {
			isa = PBXContainerItemProxy;
			containerPortal = E104C9D62D33F28C0022C55A /* Project object */;
			proxyType = 1;
			remoteGlobalIDString = E104C9DD2D33F28C0022C55A;
			remoteInfo = LIVE;
		};
		E104C9FC2D33F28E0022C55A /* PBXContainerItemProxy */ = {
			isa = PBXContainerItemProxy;
			containerPortal = E104C9D62D33F28C0022C55A /* Project object */;
			proxyType = 1;
			remoteGlobalIDString = E104C9DD2D33F28C0022C55A;
			remoteInfo = LIVE;
		};
/* End PBXContainerItemProxy section */

/* Begin PBXFileReference section */
		E104C9DE2D33F28D0022C55A /* LIVE.app */ = {isa = PBXFileReference; explicitFileType = wrapper.application; includeInIndex = 0; path = LIVE.app; sourceTree = BUILT_PRODUCTS_DIR; };
		E104C9F12D33F28E0022C55A /* LIVETests.xctest */ = {isa = PBXFileReference; explicitFileType = wrapper.cfbundle; includeInIndex = 0; path = LIVETests.xctest; sourceTree = BUILT_PRODUCTS_DIR; };
		E104C9FB2D33F28E0022C55A /* LIVEUITests.xctest */ = {isa = PBXFileReference; explicitFileType = wrapper.cfbundle; includeInIndex = 0; path = LIVEUITests.xctest; sourceTree = BUILT_PRODUCTS_DIR; };
/* End PBXFileReference section */

/* Begin PBXFileSystemSynchronizedBuildFileExceptionSet section */
		E1A2E9B02D34186200CC8DA3 /* Exceptions for "LIVE" folder in "LIVE" target */ = {
			isa = PBXFileSystemSynchronizedBuildFileExceptionSet;
			membershipExceptions = (
				Info.plist,
			);
			target = E104C9DD2D33F28C0022C55A /* LIVE */;
		};
/* End PBXFileSystemSynchronizedBuildFileExceptionSet section */

/* Begin PBXFileSystemSynchronizedRootGroup section */
		E104C9E02D33F28D0022C55A /* LIVE */ = {
			isa = PBXFileSystemSynchronizedRootGroup;
			exceptions = (
				E1A2E9B02D34186200CC8DA3 /* Exceptions for "LIVE" folder in "LIVE" target */,
			);
			path = LIVE;
			sourceTree = "<group>";
		};
		E104C9F42D33F28E0022C55A /* LIVETests */ = {
			isa = PBXFileSystemSynchronizedRootGroup;
			path = LIVETests;
			sourceTree = "<group>";
		};
		E104C9FE2D33F28E0022C55A /* LIVEUITests */ = {
			isa = PBXFileSystemSynchronizedRootGroup;
			path = LIVEUITests;
			sourceTree = "<group>";
		};
/* End PBXFileSystemSynchronizedRootGroup section */

/* Begin PBXFrameworksBuildPhase section */
		E104C9DB2D33F28C0022C55A /* Frameworks */ = {
			isa = PBXFrameworksBuildPhase;
			buildActionMask = 2147483647;
			files = (
			);
			runOnlyForDeploymentPostprocessing = 0;
		};
		E104C9EE2D33F28E0022C55A /* Frameworks */ = {
			isa = PBXFrameworksBuildPhase;
			buildActionMask = 2147483647;
			files = (
			);
			runOnlyForDeploymentPostprocessing = 0;
		};
		E104C9F82D33F28E0022C55A /* Frameworks */ = {
			isa = PBXFrameworksBuildPhase;
			buildActionMask = 2147483647;
			files = (
			);
			runOnlyForDeploymentPostprocessing = 0;
		};
/* End PBXFrameworksBuildPhase section */

/* Begin PBXGroup section */
		E104C9D52D33F28C0022C55A = {
			isa = PBXGroup;
			children = (
				E104C9E02D33F28D0022C55A /* LIVE */,
				E104C9F42D33F28E0022C55A /* LIVETests */,
				E104C9FE2D33F28E0022C55A /* LIVEUITests */,
				E104C9DF2D33F28D0022C55A /* Products */,
			);
			sourceTree = "<group>";
		};
		E104C9DF2D33F28D0022C55A /* Products */ = {
			isa = PBXGroup;
			children = (
				E104C9DE2D33F28D0022C55A /* LIVE.app */,
				E104C9F12D33F28E0022C55A /* LIVETests.xctest */,
				E104C9FB2D33F28E0022C55A /* LIVEUITests.xctest */,
			);
			name = Products;
			sourceTree = "<group>";
		};
/* End PBXGroup section */

/* Begin PBXNativeTarget section */
		E104C9DD2D33F28C0022C55A /* LIVE */ = {
			isa = PBXNativeTarget;
			buildConfigurationList = E104CA052D33F28E0022C55A /* Build configuration list for PBXNativeTarget "LIVE" */;
			buildPhases = (
				E104C9DA2D33F28C0022C55A /* Sources */,
				E104C9DB2D33F28C0022C55A /* Frameworks */,
				E104C9DC2D33F28C0022C55A /* Resources */,
			);
			buildRules = (
			);
			dependencies = (
			);
			fileSystemSynchronizedGroups = (
				E104C9E02D33F28D0022C55A /* LIVE */,
			);
			name = LIVE;
			packageProductDependencies = (
			);
			productName = LIVE;
			productReference = E104C9DE2D33F28D0022C55A /* LIVE.app */;
			productType = "com.apple.product-type.application";
		};
		E104C9F02D33F28E0022C55A /* LIVETests */ = {
			isa = PBXNativeTarget;
			buildConfigurationList = E104CA082D33F28E0022C55A /* Build configuration list for PBXNativeTarget "LIVETests" */;
			buildPhases = (
				E104C9ED2D33F28E0022C55A /* Sources */,
				E104C9EE2D33F28E0022C55A /* Frameworks */,
				E104C9EF2D33F28E0022C55A /* Resources */,
			);
			buildRules = (
			);
			dependencies = (
				E104C9F32D33F28E0022C55A /* PBXTargetDependency */,
			);
			fileSystemSynchronizedGroups = (
				E104C9F42D33F28E0022C55A /* LIVETests */,
			);
			name = LIVETests;
			packageProductDependencies = (
			);
			productName = LIVETests;
			productReference = E104C9F12D33F28E0022C55A /* LIVETests.xctest */;
			productType = "com.apple.product-type.bundle.unit-test";
		};
		E104C9FA2D33F28E0022C55A /* LIVEUITests */ = {
			isa = PBXNativeTarget;
			buildConfigurationList = E104CA0B2D33F28E0022C55A /* Build configuration list for PBXNativeTarget "LIVEUITests" */;
			buildPhases = (
				E104C9F72D33F28E0022C55A /* Sources */,
				E104C9F82D33F28E0022C55A /* Frameworks */,
				E104C9F92D33F28E0022C55A /* Resources */,
			);
			buildRules = (
			);
			dependencies = (
				E104C9FD2D33F28E0022C55A /* PBXTargetDependency */,
			);
			fileSystemSynchronizedGroups = (
				E104C9FE2D33F28E0022C55A /* LIVEUITests */,
			);
			name = LIVEUITests;
			packageProductDependencies = (
			);
			productName = LIVEUITests;
			productReference = E104C9FB2D33F28E0022C55A /* LIVEUITests.xctest */;
			productType = "com.apple.product-type.bundle.ui-testing";
		};
/* End PBXNativeTarget section */

/* Begin PBXProject section */
		E104C9D62D33F28C0022C55A /* Project object */ = {
			isa = PBXProject;
			attributes = {
				BuildIndependentTargetsInParallel = 1;
				LastSwiftUpdateCheck = 1620;
				LastUpgradeCheck = 1620;
				TargetAttributes = {
					E104C9DD2D33F28C0022C55A = {
						CreatedOnToolsVersion = 16.2;
					};
					E104C9F02D33F28E0022C55A = {
						CreatedOnToolsVersion = 16.2;
						TestTargetID = E104C9DD2D33F28C0022C55A;
					};
					E104C9FA2D33F28E0022C55A = {
						CreatedOnToolsVersion = 16.2;
						TestTargetID = E104C9DD2D33F28C0022C55A;
					};
				};
			};
			buildConfigurationList = E104C9D92D33F28C0022C55A /* Build configuration list for PBXProject "LIVE" */;
			developmentRegion = en;
			hasScannedForEncodings = 0;
			knownRegions = (
				en,
				Base,
			);
			mainGroup = E104C9D52D33F28C0022C55A;
			minimizedProjectReferenceProxies = 1;
			preferredProjectObjectVersion = 77;
			productRefGroup = E104C9DF2D33F28D0022C55A /* Products */;
			projectDirPath = "";
			projectRoot = "";
			targets = (
				E104C9DD2D33F28C0022C55A /* LIVE */,
				E104C9F02D33F28E0022C55A /* LIVETests */,
				E104C9FA2D33F28E0022C55A /* LIVEUITests */,
			);
		};
/* End PBXProject section */

/* Begin PBXResourcesBuildPhase section */
		E104C9DC2D33F28C0022C55A /* Resources */ = {
			isa = PBXResourcesBuildPhase;
			buildActionMask = 2147483647;
			files = (
			);
			runOnlyForDeploymentPostprocessing = 0;
		};
		E104C9EF2D33F28E0022C55A /* Resources */ = {
			isa = PBXResourcesBuildPhase;
			buildActionMask = 2147483647;
			files = (
			);
			runOnlyForDeploymentPostprocessing = 0;
		};
		E104C9F92D33F28E0022C55A /* Resources */ = {
			isa = PBXResourcesBuildPhase;
			buildActionMask = 2147483647;
			files = (
			);
			runOnlyForDeploymentPostprocessing = 0;
		};
/* End PBXResourcesBuildPhase section */

/* Begin PBXSourcesBuildPhase section */
		E104C9DA2D33F28C0022C55A /* Sources */ = {
			isa = PBXSourcesBuildPhase;
			buildActionMask = 2147483647;
			files = (
			);
			runOnlyForDeploymentPostprocessing = 0;
		};
		E104C9ED2D33F28E0022C55A /* Sources */ = {
			isa = PBXSourcesBuildPhase;
			buildActionMask = 2147483647;
			files = (
			);
			runOnlyForDeploymentPostprocessing = 0;
		};
		E104C9F72D33F28E0022C55A /* Sources */ = {
			isa = PBXSourcesBuildPhase;
			buildActionMask = 2147483647;
			files = (
			);
			runOnlyForDeploymentPostprocessing = 0;
		};
/* End PBXSourcesBuildPhase section */

/* Begin PBXTargetDependency section */
		E104C9F32D33F28E0022C55A /* PBXTargetDependency */ = {
			isa = PBXTargetDependency;
			target = E104C9DD2D33F28C0022C55A /* LIVE */;
			targetProxy = E104C9F22D33F28E0022C55A /* PBXContainerItemProxy */;
		};
		E104C9FD2D33F28E0022C55A /* PBXTargetDependency */ = {
			isa = PBXTargetDependency;
			target = E104C9DD2D33F28C0022C55A /* LIVE */;
			targetProxy = E104C9FC2D33F28E0022C55A /* PBXContainerItemProxy */;
		};
/* End PBXTargetDependency section */

/* Begin XCBuildConfiguration section */
		E104CA032D33F28E0022C55A /* Debug */ = {
			isa = XCBuildConfiguration;
			buildSettings = {
				ALWAYS_SEARCH_USER_PATHS = NO;
				ASSETCATALOG_COMPILER_GENERATE_SWIFT_ASSET_SYMBOL_EXTENSIONS = YES;
				CLANG_ANALYZER_NONNULL = YES;
				CLANG_ANALYZER_NUMBER_OBJECT_CONVERSION = YES_AGGRESSIVE;
				CLANG_CXX_LANGUAGE_STANDARD = "gnu++20";
				CLANG_ENABLE_MODULES = YES;
				CLANG_ENABLE_OBJC_ARC = YES;
				CLANG_ENABLE_OBJC_WEAK = YES;
				CLANG_WARN_BLOCK_CAPTURE_AUTORELEASING = YES;
				CLANG_WARN_BOOL_CONVERSION = YES;
				CLANG_WARN_COMMA = YES;
				CLANG_WARN_CONSTANT_CONVERSION = YES;
				CLANG_WARN_DEPRECATED_OBJC_IMPLEMENTATIONS = YES;
				CLANG_WARN_DIRECT_OBJC_ISA_USAGE = YES_ERROR;
				CLANG_WARN_DOCUMENTATION_COMMENTS = YES;
				CLANG_WARN_EMPTY_BODY = YES;
				CLANG_WARN_ENUM_CONVERSION = YES;
				CLANG_WARN_INFINITE_RECURSION = YES;
				CLANG_WARN_INT_CONVERSION = YES;
				CLANG_WARN_NON_LITERAL_NULL_CONVERSION = YES;
				CLANG_WARN_OBJC_IMPLICIT_RETAIN_SELF = YES;
				CLANG_WARN_OBJC_LITERAL_CONVERSION = YES;
				CLANG_WARN_OBJC_ROOT_CLASS = YES_ERROR;
				CLANG_WARN_QUOTED_INCLUDE_IN_FRAMEWORK_HEADER = YES;
				CLANG_WARN_RANGE_LOOP_ANALYSIS = YES;
				CLANG_WARN_STRICT_PROTOTYPES = YES;
				CLANG_WARN_SUSPICIOUS_MOVE = YES;
				CLANG_WARN_UNGUARDED_AVAILABILITY = YES_AGGRESSIVE;
				CLANG_WARN_UNREACHABLE_CODE = YES;
				CLANG_WARN__DUPLICATE_METHOD_MATCH = YES;
				COPY_PHASE_STRIP = NO;
				DEBUG_INFORMATION_FORMAT = dwarf;
				ENABLE_STRICT_OBJC_MSGSEND = YES;
				ENABLE_TESTABILITY = YES;
				ENABLE_USER_SCRIPT_SANDBOXING = YES;
				GCC_C_LANGUAGE_STANDARD = gnu17;
				GCC_DYNAMIC_NO_PIC = NO;
				GCC_NO_COMMON_BLOCKS = YES;
				GCC_OPTIMIZATION_LEVEL = 0;
				GCC_PREPROCESSOR_DEFINITIONS = (
					"DEBUG=1",
					"$(inherited)",
				);
				GCC_WARN_64_TO_32_BIT_CONVERSION = YES;
				GCC_WARN_ABOUT_RETURN_TYPE = YES_ERROR;
				GCC_WARN_UNDECLARED_SELECTOR = YES;
				GCC_WARN_UNINITIALIZED_AUTOS = YES_AGGRESSIVE;
				GCC_WARN_UNUSED_FUNCTION = YES;
				GCC_WARN_UNUSED_VARIABLE = YES;
				LOCALIZATION_PREFERS_STRING_CATALOGS = YES;
				MACOSX_DEPLOYMENT_TARGET = 15.2;
				MTL_ENABLE_DEBUG_INFO = INCLUDE_SOURCE;
				MTL_FAST_MATH = YES;
				ONLY_ACTIVE_ARCH = YES;
				SDKROOT = macosx;
				SWIFT_ACTIVE_COMPILATION_CONDITIONS = "DEBUG $(inherited)";
				SWIFT_OPTIMIZATION_LEVEL = "-Onone";
			};
			name = Debug;
		};
		E104CA042D33F28E0022C55A /* Release */ = {
			isa = XCBuildConfiguration;
			buildSettings = {
				ALWAYS_SEARCH_USER_PATHS = NO;
				ASSETCATALOG_COMPILER_GENERATE_SWIFT_ASSET_SYMBOL_EXTENSIONS = YES;
				CLANG_ANALYZER_NONNULL = YES;
				CLANG_ANALYZER_NUMBER_OBJECT_CONVERSION = YES_AGGRESSIVE;
				CLANG_CXX_LANGUAGE_STANDARD = "gnu++20";
				CLANG_ENABLE_MODULES = YES;
				CLANG_ENABLE_OBJC_ARC = YES;
				CLANG_ENABLE_OBJC_WEAK = YES;
				CLANG_WARN_BLOCK_CAPTURE_AUTORELEASING = YES;
				CLANG_WARN_BOOL_CONVERSION = YES;
				CLANG_WARN_COMMA = YES;
				CLANG_WARN_CONSTANT_CONVERSION = YES;
				CLANG_WARN_DEPRECATED_OBJC_IMPLEMENTATIONS = YES;
				CLANG_WARN_DIRECT_OBJC_ISA_USAGE = YES_ERROR;
				CLANG_WARN_DOCUMENTATION_COMMENTS = YES;
				CLANG_WARN_EMPTY_BODY = YES;
				CLANG_WARN_ENUM_CONVERSION = YES;
				CLANG_WARN_INFINITE_RECURSION = YES;
				CLANG_WARN_INT_CONVERSION = YES;
				CLANG_WARN_NON_LITERAL_NULL_CONVERSION = YES;
				CLANG_WARN_OBJC_IMPLICIT_RETAIN_SELF = YES;
				CLANG_WARN_OBJC_LITERAL_CONVERSION = YES;
				CLANG_WARN_OBJC_ROOT_CLASS = YES_ERROR;
				CLANG_WARN_QUOTED_INCLUDE_IN_FRAMEWORK_HEADER = YES;
				CLANG_WARN_RANGE_LOOP_ANALYSIS = YES;
				CLANG_WARN_STRICT_PROTOTYPES = YES;
				CLANG_WARN_SUSPICIOUS_MOVE = YES;
				CLANG_WARN_UNGUARDED_AVAILABILITY = YES_AGGRESSIVE;
				CLANG_WARN_UNREACHABLE_CODE = YES;
				CLANG_WARN__DUPLICATE_METHOD_MATCH = YES;
				COPY_PHASE_STRIP = NO;
				DEBUG_INFORMATION_FORMAT = "dwarf-with-dsym";
				ENABLE_NS_ASSERTIONS = NO;
				ENABLE_STRICT_OBJC_MSGSEND = YES;
				ENABLE_USER_SCRIPT_SANDBOXING = YES;
				GCC_C_LANGUAGE_STANDARD = gnu17;
				GCC_NO_COMMON_BLOCKS = YES;
				GCC_WARN_64_TO_32_BIT_CONVERSION = YES;
				GCC_WARN_ABOUT_RETURN_TYPE = YES_ERROR;
				GCC_WARN_UNDECLARED_SELECTOR = YES;
				GCC_WARN_UNINITIALIZED_AUTOS = YES_AGGRESSIVE;
				GCC_WARN_UNUSED_FUNCTION = YES;
				GCC_WARN_UNUSED_VARIABLE = YES;
				LOCALIZATION_PREFERS_STRING_CATALOGS = YES;
				MACOSX_DEPLOYMENT_TARGET = 15.2;
				MTL_ENABLE_DEBUG_INFO = NO;
				MTL_FAST_MATH = YES;
				SDKROOT = macosx;
				SWIFT_COMPILATION_MODE = wholemodule;
			};
			name = Release;
		};
		E104CA062D33F28E0022C55A /* Debug */ = {
			isa = XCBuildConfiguration;
			buildSettings = {
				ASSETCATALOG_COMPILER_APPICON_NAME = AppIcon;
				ASSETCATALOG_COMPILER_GLOBAL_ACCENT_COLOR_NAME = AccentColor;
				CODE_SIGN_ENTITLEMENTS = LIVE/LIVE.entitlements;
				CODE_SIGN_STYLE = Automatic;
				COMBINE_HIDPI_IMAGES = YES;
				CURRENT_PROJECT_VERSION = 1;
				DEVELOPMENT_ASSET_PATHS = "\"LIVE/Preview Content\"";
				DEVELOPMENT_TEAM = 9L97R784Z9;
				ENABLE_HARDENED_RUNTIME = YES;
				ENABLE_PREVIEWS = YES;
				GENERATE_INFOPLIST_FILE = YES;
				INFOPLIST_FILE = LIVE/Info.plist;
				INFOPLIST_KEY_LSApplicationCategoryType = "public.app-category.utilities";
				INFOPLIST_KEY_LSUIElement = YES;
				INFOPLIST_KEY_NSHumanReadableCopyright = "";
				LD_RUNPATH_SEARCH_PATHS = (
					"$(inherited)",
					"@executable_path/../Frameworks",
				);
				MACOSX_DEPLOYMENT_TARGET = 14.0;
				MARKETING_VERSION = 1.0;
				PRODUCT_BUNDLE_IDENTIFIER = Shreyansh.LIVE;
				PRODUCT_NAME = "$(TARGET_NAME)";
				SWIFT_EMIT_LOC_STRINGS = YES;
				SWIFT_VERSION = 5.0;
			};
			name = Debug;
		};
		E104CA072D33F28E0022C55A /* Release */ = {
			isa = XCBuildConfiguration;
			buildSettings = {
				ASSETCATALOG_COMPILER_APPICON_NAME = AppIcon;
				ASSETCATALOG_COMPILER_GLOBAL_ACCENT_COLOR_NAME = AccentColor;
				CODE_SIGN_ENTITLEMENTS = LIVE/LIVE.entitlements;
				CODE_SIGN_STYLE = Automatic;
				COMBINE_HIDPI_IMAGES = YES;
				CURRENT_PROJECT_VERSION = 1;
				DEVELOPMENT_ASSET_PATHS = "\"LIVE/Preview Content\"";
				DEVELOPMENT_TEAM = 9L97R784Z9;
				ENABLE_HARDENED_RUNTIME = YES;
				ENABLE_PREVIEWS = YES;
				GENERATE_INFOPLIST_FILE = YES;
				INFOPLIST_FILE = LIVE/Info.plist;
				INFOPLIST_KEY_LSApplicationCategoryType = "public.app-category.utilities";
				INFOPLIST_KEY_LSUIElement = YES;
				INFOPLIST_KEY_NSHumanReadableCopyright = "";
				LD_RUNPATH_SEARCH_PATHS = (
					"$(inherited)",
					"@executable_path/../Frameworks",
				);
				MACOSX_DEPLOYMENT_TARGET = 14.0;
				MARKETING_VERSION = 1.0;
				PRODUCT_BUNDLE_IDENTIFIER = Shreyansh.LIVE;
				PRODUCT_NAME = "$(TARGET_NAME)";
				SWIFT_EMIT_LOC_STRINGS = YES;
				SWIFT_VERSION = 5.0;
			};
			name = Release;
		};
		E104CA092D33F28E0022C55A /* Debug */ = {
			isa = XCBuildConfiguration;
			buildSettings = {
				BUNDLE_LOADER = "$(TEST_HOST)";
				CODE_SIGN_STYLE = Automatic;
				CURRENT_PROJECT_VERSION = 1;
				DEVELOPMENT_TEAM = 9L97R784Z9;
				GENERATE_INFOPLIST_FILE = YES;
				MACOSX_DEPLOYMENT_TARGET = 14.0;
				MARKETING_VERSION = 1.0;
				PRODUCT_BUNDLE_IDENTIFIER = Shreyansh.LIVETests;
				PRODUCT_NAME = "$(TARGET_NAME)";
				SWIFT_EMIT_LOC_STRINGS = NO;
				SWIFT_VERSION = 5.0;
				TEST_HOST = "$(BUILT_PRODUCTS_DIR)/LIVE.app/$(BUNDLE_EXECUTABLE_FOLDER_PATH)/LIVE";
			};
			name = Debug;
		};
		E104CA0A2D33F28E0022C55A /* Release */ = {
			isa = XCBuildConfiguration;
			buildSettings = {
				BUNDLE_LOADER = "$(TEST_HOST)";
				CODE_SIGN_STYLE = Automatic;
				CURRENT_PROJECT_VERSION = 1;
				DEVELOPMENT_TEAM = 9L97R784Z9;
				GENERATE_INFOPLIST_FILE = YES;
				MACOSX_DEPLOYMENT_TARGET = 14.0;
				MARKETING_VERSION = 1.0;
				PRODUCT_BUNDLE_IDENTIFIER = Shreyansh.LIVETests;
				PRODUCT_NAME = "$(TARGET_NAME)";
				SWIFT_EMIT_LOC_STRINGS = NO;
				SWIFT_VERSION = 5.0;
				TEST_HOST = "$(BUILT_PRODUCTS_DIR)/LIVE.app/$(BUNDLE_EXECUTABLE_FOLDER_PATH)/LIVE";
			};
			name = Release;
		};
		E104CA0C2D33F28E0022C55A /* Debug */ = {
			isa = XCBuildConfiguration;
			buildSettings = {
				CODE_SIGN_STYLE = Automatic;
				CURRENT_PROJECT_VERSION = 1;
				DEVELOPMENT_TEAM = 9L97R784Z9;
				GENERATE_INFOPLIST_FILE = YES;
				MARKETING_VERSION = 1.0;
				PRODUCT_BUNDLE_IDENTIFIER = Shreyansh.LIVEUITests;
				PRODUCT_NAME = "$(TARGET_NAME)";
				SWIFT_EMIT_LOC_STRINGS = NO;
				SWIFT_VERSION = 5.0;
				TEST_TARGET_NAME = LIVE;
			};
			name = Debug;
		};
		E104CA0D2D33F28E0022C55A /* Release */ = {
			isa = XCBuildConfiguration;
			buildSettings = {
				CODE_SIGN_STYLE = Automatic;
				CURRENT_PROJECT_VERSION = 1;
				DEVELOPMENT_TEAM = 9L97R784Z9;
				GENERATE_INFOPLIST_FILE = YES;
				MARKETING_VERSION = 1.0;
				PRODUCT_BUNDLE_IDENTIFIER = Shreyansh.LIVEUITests;
				PRODUCT_NAME = "$(TARGET_NAME)";
				SWIFT_EMIT_LOC_STRINGS = NO;
				SWIFT_VERSION = 5.0;
				TEST_TARGET_NAME = LIVE;
			};
			name = Release;
		};
/* End XCBuildConfiguration section */

/* Begin XCConfigurationList section */
		E104C9D92D33F28C0022C55A /* Build configuration list for PBXProject "LIVE" */ = {
			isa = XCConfigurationList;
			buildConfigurations = (
				E104CA032D33F28E0022C55A /* Debug */,
				E104CA042D33F28E0022C55A /* Release */,
			);
			defaultConfigurationIsVisible = 0;
			defaultConfigurationName = Release;
		};
		E104CA052D33F28E0022C55A /* Build configuration list for PBXNativeTarget "LIVE" */ = {
			isa = XCConfigurationList;
			buildConfigurations = (
				E104CA062D33F28E0022C55A /* Debug */,
				E104CA072D33F28E0022C55A /* Release */,
			);
			defaultConfigurationIsVisible = 0;
			defaultConfigurationName = Release;
		};
		E104CA082D33F28E0022C55A /* Build configuration list for PBXNativeTarget "LIVETests" */ = {
			isa = XCConfigurationList;
			buildConfigurations = (
				E104CA092D33F28E0022C55A /* Debug */,
				E104CA0A2D33F28E0022C55A /* Release */,
			);
			defaultConfigurationIsVisible = 0;
			defaultConfigurationName = Release;
		};
		E104CA0B2D33F28E0022C55A /* Build configuration list for PBXNativeTarget "LIVEUITests" */ = {
			isa = XCConfigurationList;
			buildConfigurations = (
				E104CA0C2D33F28E0022C55A /* Debug */,
				E104CA0D2D33F28E0022C55A /* Release */,
			);
			defaultConfigurationIsVisible = 0;
			defaultConfigurationName = Release;
		};
/* End XCConfigurationList section */
	};
	rootObject = E104C9D62D33F28C0022C55A /* Project object */;
}
